
Microsoft Visual Studio Solution File, Format Version 12.00
# Visual Studio Version 16
VisualStudioVersion = 16.0.32630.194
MinimumVisualStudioVersion = 10.0.40219.1
Project("{FAE04EC0-301F-11D3-BF4B-00C04F79EFBC}") = "GraphicCalculator", "GraphicCalculator\GraphicCalculator.csproj", "{00E21576-8BAD-4C41-8EAF-4CB2289FBCA0}"
EndProject
Global
	GlobalSection(SolutionConfigurationPlatforms) = preSolution
		Debug|Any CPU = Debug|Any CPU
		Release|Any CPU = Release|Any CPU
	EndGlobalSection
	GlobalSection(ProjectConfigurationPlatforms) = postSolution
		{00E21576-8BAD-4C41-8EAF-4CB2289FBCA0}.Debug|Any CPU.ActiveCfg = Debug|Any CPU
		{00E21576-8BAD-4C41-8EAF-4CB2289FBCA0}.Debug|Any CPU.Build.0 = Debug|Any CPU
		{00E21576-8BAD-4C41-8EAF-4CB2289FBCA0}.Release|Any CPU.ActiveCfg = Release|Any CPU
		{00E21576-8BAD-4C41-8EAF-4CB2289FBCA0}.Release|Any CPU.Build.0 = Release|Any CPU
	EndGlobalSection
	GlobalSection(SolutionProperties) = preSolution
		HideSolutionNode = FALSE
	EndGlobalSection
	GlobalSection(ExtensibilityGlobals) = postSolution
		SolutionGuid = {C9A99E8E-1552-4635-90B8-763A5B491820}
	EndGlobalSection
EndGlobal
